{
  "name": "intersect",
  "version": "1.0.0",
  "lockfileVersion": 1,
  "requires": true,
  "dependencies": {
    "@turf/bbox": {
      "version": "5.0.0",
      "resolved": "https://registry.npmjs.org/@turf/bbox/-/bbox-5.0.0.tgz",
      "integrity": "sha1-wXnlMzKBIMoptdvSFaX1Tlx5QNM=",
      "requires": {
        "@turf/helpers": "5.0.0",
        "@turf/meta": "5.0.0"
      },
      "dependencies": {
        "@turf/helpers": {
          "version": "5.0.0",
          "resolved": "https://registry.npmjs.org/@turf/helpers/-/helpers-5.0.0.tgz",
          "integrity": "sha1-cyy1cOauvKnvc3Xo5C+vqOFuXUc="
        },
        "@turf/meta": {
          "version": "5.0.0",
          "resolved": "https://registry.npmjs.org/@turf/meta/-/meta-5.0.0.tgz",
          "integrity": "sha1-dbEA6YVM17L6Y+aFYeEpjawJ17Q="
        }
      }
    },
    "@turf/clean-coords": {
      "version": "4.7.3",
      "resolved": "https://registry.npmjs.org/@turf/clean-coords/-/clean-coords-4.7.3.tgz",
      "integrity": "sha1-vD5lI6/kLciNul2hpxMHKlzW2g8=",
      "requires": {
        "@turf/helpers": "4.7.3",
        "@turf/invariant": "4.7.3"
      },
      "dependencies": {
        "@turf/helpers": {
          "version": "4.7.3",
          "resolved": "https://registry.npmjs.org/@turf/helpers/-/helpers-4.7.3.tgz",
          "integrity": "sha1-vDEqxDyrPFMqSDFRxMOCxWSUKek="
        },
        "@turf/invariant": {
          "version": "4.7.3",
          "resolved": "https://registry.npmjs.org/@turf/invariant/-/invariant-4.7.3.tgz",
          "integrity": "sha1-U482fSPBE/yEnXDJpSS4Vjh0YB0="
        }
      }
    },
    "@turf/helpers": {
      "version": "5.0.1",
      "resolved": "https://registry.npmjs.org/@turf/helpers/-/helpers-5.0.1.tgz",
      "integrity": "sha1-2VDfJbEMntNH94EZJ+wU5yzMWLI="
    },
    "@turf/intersect": {
      "version": "5.0.0",
      "resolved": "https://registry.npmjs.org/@turf/intersect/-/intersect-5.0.0.tgz",
      "integrity": "sha1-nBkNr+ZYpThhYQ+uVGhWDGl5IZw=",
      "requires": {
        "@turf/clean-coords": "4.7.3",
        "@turf/helpers": "5.0.1",
        "@turf/invariant": "5.0.0",
        "@turf/truncate": "5.0.0",
        "jsts-es": "1.5.4"
      }
    },
    "@turf/invariant": {
      "version": "5.0.0",
      "resolved": "https://registry.npmjs.org/@turf/invariant/-/invariant-5.0.0.tgz",
      "integrity": "sha1-2ptNewRM/6MA1lSz4ERJafwZ2FA="
    },
    "@turf/meta": {
      "version": "5.0.2",
      "resolved": "https://registry.npmjs.org/@turf/meta/-/meta-5.0.2.tgz",
      "integrity": "sha1-cS/0hc2qYCTR+X1vvtadP44x5oY=",
      "requires": {
        "@turf/helpers": "5.0.1"
      }
    },
    "@turf/truncate": {
      "version": "5.0.0",
      "resolved": "https://registry.npmjs.org/@turf/truncate/-/truncate-5.0.0.tgz",
      "integrity": "sha1-8Ror07BfQ2AKmFk3zR17rz9X21I=",
      "requires": {
        "@turf/helpers": "5.0.1",
        "@turf/meta": "5.0.2"
      }
    },
    "jsts-es": {
      "version": "1.5.4",
      "resolved": "https://registry.npmjs.org/jsts-es/-/jsts-es-1.5.4.tgz",
      "integrity": "sha1-EImo/+K0BNv4BCsb3KXyH2BhuvY="
    },
    "quickselect": {
      "version": "1.0.0",
      "resolved": "https://registry.npmjs.org/quickselect/-/quickselect-1.0.0.tgz",
      "integrity": "sha1-AmMIGPmq5OyrJvAQP5jQYcF8WPM="
    },
    "rbush": {
      "version": "2.0.1",
      "resolved": "https://registry.npmjs.org/rbush/-/rbush-2.0.1.tgz",
      "integrity": "sha1-TPrKKMMGS8DudUMaG3mZDode76k=",
      "requires": {
        "quickselect": "1.0.0"
      }
    }
  }
}
